<?xml version="1.0" encoding="UTF-8" standalone="yes" ?>
<CodeBlocks_project_file>
	<FileVersion major="1" minor="6" />
	<Project>
		<Option title="cheat engine" />
		<Option pch_mode="2" />
		<Option default_target="Release" />
		<Option compiler="gcc" />
		<Build>
			<Target title="Debug">
				<Option output="bin/Debug/cheat engine" prefix_auto="1" extension_auto="1" />
				<Option object_output="obj/Debug/" />
				<Option type="1" />
				<Option compiler="gcc" />
				<Option host_application="/usr/bin/sudo" />
				<Compiler>
					<Add option="-g" />
					<Add option="-D_DEBUG" />
				</Compiler>
			</Target>
			<Target title="Release">
				<Option output="bin/Release/cheat engine" prefix_auto="1" extension_auto="1" />
				<Option object_output="obj/Release/" />
				<Option type="1" />
				<Option compiler="gcc" />
				<Option host_application="/usr/bin/sudo" />
				<Compiler>
					<Add option="-O2" />
				</Compiler>
				<Linker>
					<Add option="-s" />
				</Linker>
			</Target>
			<Target title="speedhack">
				<Option output="bin/speedhacklib/speedhack" prefix_auto="1" extension_auto="1" />
				<Option working_dir="bin/speedhacklib" />
				<Option object_output="obj/speedhack/" />
				<Option type="3" />
				<Option compiler="gcc" />
				<Option createDefFile="1" />
				<Option createStaticLib="1" />
				<Compiler>
					<Add option="-fPIC" />
				</Compiler>
				<Linker>
					<Add library="dl" />
				</Linker>
			</Target>
			<Target title="openglhack">
				<Option output="bin/openglhack/openglhack" prefix_auto="1" extension_auto="1" />
				<Option working_dir="bin/openglhack" />
				<Option object_output="obj/openglhack/" />
				<Option type="3" />
				<Option compiler="gcc" />
				<Option createDefFile="1" />
				<Option createStaticLib="1" />
				<Compiler>
					<Add option="-fPIC" />
				</Compiler>
				<Linker>
					<Add library="dl" />
				</Linker>
			</Target>
			<Target title="openglhack32">
				<Option output="bin/openglhack/openglhack32" prefix_auto="1" extension_auto="1" />
				<Option working_dir="bin/openglhack" />
				<Option object_output="obj/openglhack/" />
				<Option type="3" />
				<Option compiler="gcc" />
				<Option createDefFile="1" />
				<Option createStaticLib="1" />
				<Compiler>
					<Add option="-march=i386" />
					<Add option="-fPIC" />
					<Add option="-m32" />
				</Compiler>
				<Linker>
					<Add option="-m32" />
					<Add library="dl" />
					<Add library="GL" />
				</Linker>
			</Target>
			<Target title="speedhack32">
				<Option output="bin/speedhacklib/speedhack32" prefix_auto="1" extension_auto="1" />
				<Option working_dir="bin/speedhacklib" />
				<Option object_output="obj/speedhack/" />
				<Option type="3" />
				<Option compiler="gcc" />
				<Option createDefFile="1" />
				<Option createStaticLib="1" />
				<Compiler>
					<Add option="-march=i386" />
					<Add option="-fPIC" />
					<Add option="-m32" />
				</Compiler>
				<Linker>
					<Add option="-m32" />
					<Add library="dl" />
				</Linker>
			</Target>
			<Target title="unradom">
				<Option output="bin/unrandom/unrandom" prefix_auto="1" extension_auto="1" />
				<Option working_dir="bin/unrandom" />
				<Option object_output="obj/unrandom/" />
				<Option type="3" />
				<Option compiler="gcc" />
				<Option createDefFile="1" />
				<Option createStaticLib="1" />
				<Compiler>
					<Add option="-fPIC" />
				</Compiler>
				<Linker>
					<Add library="dl" />
				</Linker>
			</Target>
			<Target title="unradom32">
				<Option output="bin/unrandom/unrandom32" prefix_auto="1" extension_auto="1" />
				<Option working_dir="bin/unrandom" />
				<Option object_output="obj/unrandom/" />
				<Option type="3" />
				<Option compiler="gcc" />
				<Option createDefFile="1" />
				<Option createStaticLib="1" />
				<Compiler>
					<Add option="-march=i386" />
					<Add option="-fPIC" />
					<Add option="-m32" />
				</Compiler>
				<Linker>
					<Add option="-m32" />
					<Add library="dl" />
					<Add library="GL" />
				</Linker>
			</Target>
		</Build>
		<Compiler>
			<Add option="-Wall" />
		</Compiler>
		<Unit filename="main.cpp">
			<Option target="Debug" />
			<Option target="Release" />
		</Unit>
		<Unit filename="memory.cpp">
			<Option target="Debug" />
			<Option target="Release" />
		</Unit>
		<Unit filename="memory.h">
			<Option target="Debug" />
			<Option target="Release" />
		</Unit>
		<Unit filename="misc.cpp">
			<Option target="Debug" />
			<Option target="Release" />
			<Option target="speedhack32" />
			<Option target="speedhack" />
		</Unit>
		<Unit filename="misc.h">
			<Option target="Debug" />
			<Option target="Release" />
			<Option target="speedhack32" />
			<Option target="speedhack" />
		</Unit>
		<Unit filename="openglhack.cpp">
			<Option target="openglhack" />
			<Option target="openglhack32" />
		</Unit>
		<Unit filename="random.cpp">
			<Option target="unradom" />
			<Option target="unradom32" />
		</Unit>
		<Unit filename="random.h">
			<Option target="unradom" />
			<Option target="unradom32" />
		</Unit>
		<Unit filename="reader.cpp">
			<Option target="Debug" />
			<Option target="Release" />
		</Unit>
		<Unit filename="reader.h">
			<Option target="Debug" />
			<Option target="Release" />
		</Unit>
		<Unit filename="speedhack.cpp">
			<Option target="speedhack" />
			<Option target="speedhack32" />
		</Unit>
		<Unit filename="speedhack.h">
			<Option target="Debug" />
			<Option target="Release" />
		</Unit>
		<Unit filename="speedhack_utility.cpp">
			<Option target="Debug" />
			<Option target="Release" />
		</Unit>
		<Extensions>
			<code_completion />
			<debugger />
		</Extensions>
	</Project>
</CodeBlocks_project_file>
